
Microsoft Visual Studio Solution File, Format Version 12.00
# Visual Studio 15
VisualStudioVersion = 15.0.27703.2018
MinimumVisualStudioVersion = 10.0.40219.1
Project("{FAE04EC0-301F-11D3-BF4B-00C04F79EFBC}") = "Orders", "EasyTicket\Orders.csproj", "{998C13B7-AD1D-4984-B5CB-E5A9892A275E}"
EndProject
Project("{FAE04EC0-301F-11D3-BF4B-00C04F79EFBC}") = "EasyTicket", "Order\EasyTicket.csproj", "{3138848B-C7A8-4AC9-A2D0-6231C4BE6B53}"
	ProjectSection(ProjectDependencies) = postProject
		{998C13B7-AD1D-4984-B5CB-E5A9892A275E} = {998C13B7-AD1D-4984-B5CB-E5A9892A275E}
	EndProjectSection
EndProject
Global
	GlobalSection(SolutionConfigurationPlatforms) = preSolution
		Debug|Any CPU = Debug|Any CPU
		Release|Any CPU = Release|Any CPU
	EndGlobalSection
	GlobalSection(ProjectConfigurationPlatforms) = postSolution
		{998C13B7-AD1D-4984-B5CB-E5A9892A275E}.Debug|Any CPU.ActiveCfg = Debug|Any CPU
		{998C13B7-AD1D-4984-B5CB-E5A9892A275E}.Debug|Any CPU.Build.0 = Debug|Any CPU
		{998C13B7-AD1D-4984-B5CB-E5A9892A275E}.Release|Any CPU.ActiveCfg = Release|Any CPU
		{998C13B7-AD1D-4984-B5CB-E5A9892A275E}.Release|Any CPU.Build.0 = Release|Any CPU
		{3138848B-C7A8-4AC9-A2D0-6231C4BE6B53}.Debug|Any CPU.ActiveCfg = Debug|Any CPU
		{3138848B-C7A8-4AC9-A2D0-6231C4BE6B53}.Debug|Any CPU.Build.0 = Debug|Any CPU
		{3138848B-C7A8-4AC9-A2D0-6231C4BE6B53}.Release|Any CPU.ActiveCfg = Release|Any CPU
		{3138848B-C7A8-4AC9-A2D0-6231C4BE6B53}.Release|Any CPU.Build.0 = Release|Any CPU
	EndGlobalSection
	GlobalSection(SolutionProperties) = preSolution
		HideSolutionNode = FALSE
	EndGlobalSection
	GlobalSection(ExtensibilityGlobals) = postSolution
		SolutionGuid = {7961ED29-338B-4640-99DA-20B7BBB2187E}
	EndGlobalSection
EndGlobal
